
Microsoft Visual Studio Solution File, Format Version 12.00
# Visual Studio 15
VisualStudioVersion = 15.0.28307.106
MinimumVisualStudioVersion = 10.0.40219.1
Project("{FAE04EC0-301F-11D3-BF4B-00C04F79EFBC}") = "TipCalc.Core", "TipCalc.Core\TipCalc.Core.csproj", "{DB0CDA52-7C25-4AEA-AF94-1153CBB68DFF}"
EndProject
Global
	GlobalSection(SolutionConfigurationPlatforms) = preSolution
		Debug|Any CPU = Debug|Any CPU
		Release|Any CPU = Release|Any CPU
	EndGlobalSection
	GlobalSection(ProjectConfigurationPlatforms) = postSolution
		{DB0CDA52-7C25-4AEA-AF94-1153CBB68DFF}.Debug|Any CPU.ActiveCfg = Debug|Any CPU
		{DB0CDA52-7C25-4AEA-AF94-1153CBB68DFF}.Debug|Any CPU.Build.0 = Debug|Any CPU
		{DB0CDA52-7C25-4AEA-AF94-1153CBB68DFF}.Release|Any CPU.ActiveCfg = Release|Any CPU
		{DB0CDA52-7C25-4AEA-AF94-1153CBB68DFF}.Release|Any CPU.Build.0 = Release|Any CPU
	EndGlobalSection
	GlobalSection(SolutionProperties) = preSolution
		HideSolutionNode = FALSE
	EndGlobalSection
	GlobalSection(ExtensibilityGlobals) = postSolution
		SolutionGuid = {8D23835C-13FB-4B09-B33C-1627242B5948}
	EndGlobalSection
EndGlobal
